
Microsoft Visual Studio Solution File, Format Version 12.00
# Visual Studio Version 16
VisualStudioVersion = 16.0.31321.278
MinimumVisualStudioVersion = 10.0.40219.1
Project("{FAE04EC0-301F-11D3-BF4B-00C04F79EFBC}") = "DataAccess", "DataAccess\DataAccess.csproj", "{D69170B4-B4EE-4673-978F-244E3AE36717}"
EndProject
Project("{FAE04EC0-301F-11D3-BF4B-00C04F79EFBC}") = "Business", "Business\Business.csproj", "{AA46A189-2C9F-4E89-9339-DF515A9CEEDA}"
EndProject
Project("{FAE04EC0-301F-11D3-BF4B-00C04F79EFBC}") = "Entities", "Entities\Entities.csproj", "{2D9FA6A4-91E2-4858-80F8-D3C875136602}"
EndProject
Project("{FAE04EC0-301F-11D3-BF4B-00C04F79EFBC}") = "ConsoleUI", "ConsoleUI\ConsoleUI.csproj", "{E16F77DD-0EE6-407B-B0F4-58F8310AA2E6}"
EndProject
Global
	GlobalSection(SolutionConfigurationPlatforms) = preSolution
		Debug|Any CPU = Debug|Any CPU
		Release|Any CPU = Release|Any CPU
	EndGlobalSection
	GlobalSection(ProjectConfigurationPlatforms) = postSolution
		{D69170B4-B4EE-4673-978F-244E3AE36717}.Debug|Any CPU.ActiveCfg = Debug|Any CPU
		{D69170B4-B4EE-4673-978F-244E3AE36717}.Debug|Any CPU.Build.0 = Debug|Any CPU
		{D69170B4-B4EE-4673-978F-244E3AE36717}.Release|Any CPU.ActiveCfg = Release|Any CPU
		{D69170B4-B4EE-4673-978F-244E3AE36717}.Release|Any CPU.Build.0 = Release|Any CPU
		{AA46A189-2C9F-4E89-9339-DF515A9CEEDA}.Debug|Any CPU.ActiveCfg = Debug|Any CPU
		{AA46A189-2C9F-4E89-9339-DF515A9CEEDA}.Debug|Any CPU.Build.0 = Debug|Any CPU
		{AA46A189-2C9F-4E89-9339-DF515A9CEEDA}.Release|Any CPU.ActiveCfg = Release|Any CPU
		{AA46A189-2C9F-4E89-9339-DF515A9CEEDA}.Release|Any CPU.Build.0 = Release|Any CPU
		{2D9FA6A4-91E2-4858-80F8-D3C875136602}.Debug|Any CPU.ActiveCfg = Debug|Any CPU
		{2D9FA6A4-91E2-4858-80F8-D3C875136602}.Debug|Any CPU.Build.0 = Debug|Any CPU
		{2D9FA6A4-91E2-4858-80F8-D3C875136602}.Release|Any CPU.ActiveCfg = Release|Any CPU
		{2D9FA6A4-91E2-4858-80F8-D3C875136602}.Release|Any CPU.Build.0 = Release|Any CPU
		{E16F77DD-0EE6-407B-B0F4-58F8310AA2E6}.Debug|Any CPU.ActiveCfg = Debug|Any CPU
		{E16F77DD-0EE6-407B-B0F4-58F8310AA2E6}.Debug|Any CPU.Build.0 = Debug|Any CPU
		{E16F77DD-0EE6-407B-B0F4-58F8310AA2E6}.Release|Any CPU.ActiveCfg = Release|Any CPU
		{E16F77DD-0EE6-407B-B0F4-58F8310AA2E6}.Release|Any CPU.Build.0 = Release|Any CPU
	EndGlobalSection
	GlobalSection(SolutionProperties) = preSolution
		HideSolutionNode = FALSE
	EndGlobalSection
	GlobalSection(ExtensibilityGlobals) = postSolution
		SolutionGuid = {B1234FBD-149A-4DB3-934B-4094C407F882}
	EndGlobalSection
EndGlobal
